
Microsoft Visual Studio Solution File, Format Version 12.00
# Visual Studio Version 17
VisualStudioVersion = 17.0.31903.59
MinimumVisualStudioVersion = 10.0.40219.1
Project("{FAE04EC0-301F-11D3-BF4B-00C04F79EFBC}") = "API", "API\API.csproj", "{8E524976-15E6-4C03-B5F5-1417627DA441}"
EndProject
Project("{FAE04EC0-301F-11D3-BF4B-00C04F79EFBC}") = "Application", "Application\Application.csproj", "{0442B542-527B-450A-8773-D12819DD7CB4}"
EndProject
Project("{FAE04EC0-301F-11D3-BF4B-00C04F79EFBC}") = "Domain", "Domain\Domain.csproj", "{1C4B08B5-008A-4F8F-A4F4-C0A4937414C2}"
EndProject
Project("{FAE04EC0-301F-11D3-BF4B-00C04F79EFBC}") = "Persistence", "Persistence\Persistence.csproj", "{D6841237-D7B0-4B31-AAE4-C748890CE012}"
EndProject
Global
	GlobalSection(SolutionConfigurationPlatforms) = preSolution
		Debug|Any CPU = Debug|Any CPU
		Release|Any CPU = Release|Any CPU
	EndGlobalSection
	GlobalSection(SolutionProperties) = preSolution
		HideSolutionNode = FALSE
	EndGlobalSection
	GlobalSection(ProjectConfigurationPlatforms) = postSolution
		{8E524976-15E6-4C03-B5F5-1417627DA441}.Debug|Any CPU.ActiveCfg = Debug|Any CPU
		{8E524976-15E6-4C03-B5F5-1417627DA441}.Debug|Any CPU.Build.0 = Debug|Any CPU
		{8E524976-15E6-4C03-B5F5-1417627DA441}.Release|Any CPU.ActiveCfg = Release|Any CPU
		{8E524976-15E6-4C03-B5F5-1417627DA441}.Release|Any CPU.Build.0 = Release|Any CPU
		{0442B542-527B-450A-8773-D12819DD7CB4}.Debug|Any CPU.ActiveCfg = Debug|Any CPU
		{0442B542-527B-450A-8773-D12819DD7CB4}.Debug|Any CPU.Build.0 = Debug|Any CPU
		{0442B542-527B-450A-8773-D12819DD7CB4}.Release|Any CPU.ActiveCfg = Release|Any CPU
		{0442B542-527B-450A-8773-D12819DD7CB4}.Release|Any CPU.Build.0 = Release|Any CPU
		{1C4B08B5-008A-4F8F-A4F4-C0A4937414C2}.Debug|Any CPU.ActiveCfg = Debug|Any CPU
		{1C4B08B5-008A-4F8F-A4F4-C0A4937414C2}.Debug|Any CPU.Build.0 = Debug|Any CPU
		{1C4B08B5-008A-4F8F-A4F4-C0A4937414C2}.Release|Any CPU.ActiveCfg = Release|Any CPU
		{1C4B08B5-008A-4F8F-A4F4-C0A4937414C2}.Release|Any CPU.Build.0 = Release|Any CPU
		{D6841237-D7B0-4B31-AAE4-C748890CE012}.Debug|Any CPU.ActiveCfg = Debug|Any CPU
		{D6841237-D7B0-4B31-AAE4-C748890CE012}.Debug|Any CPU.Build.0 = Debug|Any CPU
		{D6841237-D7B0-4B31-AAE4-C748890CE012}.Release|Any CPU.ActiveCfg = Release|Any CPU
		{D6841237-D7B0-4B31-AAE4-C748890CE012}.Release|Any CPU.Build.0 = Release|Any CPU
	EndGlobalSection
EndGlobal
